{
  "name": "PHP-Freamwork-Skeleton",
  "lockfileVersion": 3,
  "requires": true,
  "packages": {
    "": {
      "dependencies": {
        "flowbite": "^2.2.1"
      }
    },
    "node_modules/@popperjs/core": {
      "version": "2.11.8",
      "license": "MIT",
      "funding": {
        "type": "opencollective",
        "url": "https://opencollective.com/popperjs"
      }
    },
    "node_modules/flowbite": {
      "version": "2.2.1",
      "resolved": "https://registry.npmjs.org/flowbite/-/flowbite-2.2.1.tgz",
      "integrity": "sha512-iiZyBTtriEDRHrqXZgpKHaxl4B2J8HZUP8Yn1RXozUDKszWHDVj4GxQqMMB9AJHRWOgXV/4E/LJZ/zqQgBUhWA==",
      "dependencies": {
        "@popperjs/core": "^2.9.3",
        "mini-svg-data-uri": "^1.4.3"
      }
    },
    "node_modules/mini-svg-data-uri": {
      "version": "1.4.4",
      "license": "MIT",
      "bin": {
        "mini-svg-data-uri": "cli.js"
      }
    }
  }
}
